
Microsoft Visual Studio Solution File, Format Version 12.00
# Visual Studio Version 17
VisualStudioVersion = 17.13.35828.75 d17.13
MinimumVisualStudioVersion = 10.0.40219.1
Project("{FAE04EC0-301F-11D3-BF4B-00C04F79EFBC}") = "ConsoleApplication", "ConsoleApplication.csproj", "{394A8D56-7D2A-4606-937E-2DD17DF260F7}"
EndProject
Project("{FAE04EC0-301F-11D3-BF4B-00C04F79EFBC}") = "Infrastructure", "..\Infrastructure\Infrastructure.csproj", "{17219A21-A9EC-4614-8002-7FC6412B19DD}"
EndProject
Project("{FAE04EC0-301F-11D3-BF4B-00C04F79EFBC}") = "Core", "..\Core\Core.csproj", "{6E39DC07-B980-4F68-8600-A59669B4B704}"
EndProject
Project("{FAE04EC0-301F-11D3-BF4B-00C04F79EFBC}") = "Application", "..\Application\Application.csproj", "{D8EAE2DB-1781-453B-BB78-9E0DE68D976A}"
EndProject
Global
	GlobalSection(SolutionConfigurationPlatforms) = preSolution
		Debug|Any CPU = Debug|Any CPU
		Release|Any CPU = Release|Any CPU
	EndGlobalSection
	GlobalSection(ProjectConfigurationPlatforms) = postSolution
		{394A8D56-7D2A-4606-937E-2DD17DF260F7}.Debug|Any CPU.ActiveCfg = Debug|Any CPU
		{394A8D56-7D2A-4606-937E-2DD17DF260F7}.Debug|Any CPU.Build.0 = Debug|Any CPU
		{394A8D56-7D2A-4606-937E-2DD17DF260F7}.Release|Any CPU.ActiveCfg = Release|Any CPU
		{394A8D56-7D2A-4606-937E-2DD17DF260F7}.Release|Any CPU.Build.0 = Release|Any CPU
		{17219A21-A9EC-4614-8002-7FC6412B19DD}.Debug|Any CPU.ActiveCfg = Debug|Any CPU
		{17219A21-A9EC-4614-8002-7FC6412B19DD}.Debug|Any CPU.Build.0 = Debug|Any CPU
		{17219A21-A9EC-4614-8002-7FC6412B19DD}.Release|Any CPU.ActiveCfg = Release|Any CPU
		{17219A21-A9EC-4614-8002-7FC6412B19DD}.Release|Any CPU.Build.0 = Release|Any CPU
		{6E39DC07-B980-4F68-8600-A59669B4B704}.Debug|Any CPU.ActiveCfg = Debug|Any CPU
		{6E39DC07-B980-4F68-8600-A59669B4B704}.Debug|Any CPU.Build.0 = Debug|Any CPU
		{6E39DC07-B980-4F68-8600-A59669B4B704}.Release|Any CPU.ActiveCfg = Release|Any CPU
		{6E39DC07-B980-4F68-8600-A59669B4B704}.Release|Any CPU.Build.0 = Release|Any CPU
		{D8EAE2DB-1781-453B-BB78-9E0DE68D976A}.Debug|Any CPU.ActiveCfg = Debug|Any CPU
		{D8EAE2DB-1781-453B-BB78-9E0DE68D976A}.Debug|Any CPU.Build.0 = Debug|Any CPU
		{D8EAE2DB-1781-453B-BB78-9E0DE68D976A}.Release|Any CPU.ActiveCfg = Release|Any CPU
		{D8EAE2DB-1781-453B-BB78-9E0DE68D976A}.Release|Any CPU.Build.0 = Release|Any CPU
	EndGlobalSection
	GlobalSection(SolutionProperties) = preSolution
		HideSolutionNode = FALSE
	EndGlobalSection
	GlobalSection(ExtensibilityGlobals) = postSolution
		SolutionGuid = {A0FE26E3-6F5D-4AE8-BD92-DD2809053A28}
	EndGlobalSection
EndGlobal
